version = 1
requires-python = ">=3.11"

[[package]]
name = "fast-flights"
version = "2.0"
source = { registry = "https://pypi.org/simple" }
dependencies = [
    { name = "primp" },
    { name = "protobuf" },
    { name = "selectolax" },
]
sdist = { url = "https://files.pythonhosted.org/packages/9c/5f/4bf703022035dbaf6c38fe0d9f8ab3aaabddd5e100f2cb11682e0c081525/fast_flights-2.0.tar.gz", hash = "sha256:779f0d2f37b6ac3d50c6b8b533f7c50d2e0514beddda71d43f51556260792b87", size = 52677 }

[[package]]
name = "flights"
version = "0.1.0"
source = { virtual = "." }
dependencies = [
    { name = "fast-flights" },
]

[package.metadata]
requires-dist = [{ name = "fast-flights", specifier = ">=2.0" }]

[[package]]
name = "primp"
version = "0.12.0"
source = { registry = "https://pypi.org/simple" }
sdist = { url = "https://files.pythonhosted.org/packages/0e/a6/330061fcf3f4dbcebd01ad7fe4eaf45fddbec50fd9f2d471d8acc3f1d109/primp-0.12.0.tar.gz", hash = "sha256:94295f912ab5831f08d1c2f7ce41037e4b501adb53b7976c849201b5d45f719d", size = 90564 }
wheels = [
    { url = "https://files.pythonhosted.org/packages/86/12/fd5915d246ddc6cb56f501e844bf16c394e12d95c13661bedbc51bd593c1/primp-0.12.0-cp38-abi3-macosx_10_12_x86_64.whl", hash = "sha256:268c41e1e5100666b6c09f62d14a8e3f43907f70e5699b8c94bc78e212dfe42a", size = 3156840 },
    { url = "https://files.pythonhosted.org/packages/f9/9e/ecab34d248f5187237b68254d5fd98c134e96228c51efadd79f7bbb0b4d1/primp-0.12.0-cp38-abi3-macosx_11_0_arm64.whl", hash = "sha256:406fb7705dcd17c03521982d9108bf02709ae775b712ea68cb7f92fbe5b258dc", size = 2930238 },
    { url = "https://files.pythonhosted.org/packages/97/99/cee75de2a56cafce73450e66b8314c4cfd9b25c2049d46619cf58cc6518e/primp-0.12.0-cp38-abi3-manylinux_2_17_x86_64.manylinux2014_x86_64.whl", hash = "sha256:eb30bd79390ba9b1521e86a0b150867a8cd05944a2d8c35e70cffd15260a0ff0", size = 3252530 },
    { url = "https://files.pythonhosted.org/packages/02/4c/b249f28f5102ed78f3c1f99966431330d58fa8b403613ebd5fcc0097b7bc/primp-0.12.0-cp38-abi3-manylinux_2_34_aarch64.whl", hash = "sha256:1fd20ac8f8cba0f3f6207a1bb95b067e7ae8588e4c0acaaa7130cd69736afdd3", size = 3226946 },
    { url = "https://files.pythonhosted.org/packages/f5/af/cfedb9ce271e382e08150b2acc491ad8cc7b97d568297f7ddb89240ac229/primp-0.12.0-cp38-abi3-manylinux_2_34_armv7l.whl", hash = "sha256:6b89fb7872a501cf9116248763dda194810262261f5d041053d55be57fe94172", size = 2987975 },
    { url = "https://files.pythonhosted.org/packages/ed/9e/f9522bb18872761074cdadc3a55c6524a7c319de705f1ed1298ab7f923fb/primp-0.12.0-cp38-abi3-musllinux_1_2_aarch64.whl", hash = "sha256:82bb369b4f4d49fec394173ccadcfe1920b8459c34d8a32cb79c24fc2def22dc", size = 3385465 },
    { url = "https://files.pythonhosted.org/packages/b6/a5/c67e4116eca1183f3534d479a9af982a8e6a7f8115a9f6409fa2599b8615/primp-0.12.0-cp38-abi3-musllinux_1_2_x86_64.whl", hash = "sha256:abe0436fc11c2ec2508eb199178f1c811dffa370940f817543b3b5aa36461db2", size = 3572429 },
    { url = "https://files.pythonhosted.org/packages/1b/7c/bed5d60edacc98c029c4934d6e839d718b123effb966b7e960b5d7d172e1/primp-0.12.0-cp38-abi3-win_amd64.whl", hash = "sha256:f65687b25bdeb3c8c28d043667e8d3378e1e8069167f1e50d619986bfbcec25b", size = 3117184 },
]

[[package]]
name = "protobuf"
version = "5.29.3"
source = { registry = "https://pypi.org/simple" }
sdist = { url = "https://files.pythonhosted.org/packages/f7/d1/e0a911544ca9993e0f17ce6d3cc0932752356c1b0a834397f28e63479344/protobuf-5.29.3.tar.gz", hash = "sha256:5da0f41edaf117bde316404bad1a486cb4ededf8e4a54891296f648e8e076620", size = 424945 }
wheels = [
    { url = "https://files.pythonhosted.org/packages/dc/7a/1e38f3cafa022f477ca0f57a1f49962f21ad25850c3ca0acd3b9d0091518/protobuf-5.29.3-cp310-abi3-win32.whl", hash = "sha256:3ea51771449e1035f26069c4c7fd51fba990d07bc55ba80701c78f886bf9c888", size = 422708 },
    { url = "https://files.pythonhosted.org/packages/61/fa/aae8e10512b83de633f2646506a6d835b151edf4b30d18d73afd01447253/protobuf-5.29.3-cp310-abi3-win_amd64.whl", hash = "sha256:a4fa6f80816a9a0678429e84973f2f98cbc218cca434abe8db2ad0bffc98503a", size = 434508 },
    { url = "https://files.pythonhosted.org/packages/dd/04/3eaedc2ba17a088961d0e3bd396eac764450f431621b58a04ce898acd126/protobuf-5.29.3-cp38-abi3-macosx_10_9_universal2.whl", hash = "sha256:a8434404bbf139aa9e1300dbf989667a83d42ddda9153d8ab76e0d5dcaca484e", size = 417825 },
    { url = "https://files.pythonhosted.org/packages/4f/06/7c467744d23c3979ce250397e26d8ad8eeb2bea7b18ca12ad58313c1b8d5/protobuf-5.29.3-cp38-abi3-manylinux2014_aarch64.whl", hash = "sha256:daaf63f70f25e8689c072cfad4334ca0ac1d1e05a92fc15c54eb9cf23c3efd84", size = 319573 },
    { url = "https://files.pythonhosted.org/packages/a8/45/2ebbde52ad2be18d3675b6bee50e68cd73c9e0654de77d595540b5129df8/protobuf-5.29.3-cp38-abi3-manylinux2014_x86_64.whl", hash = "sha256:c027e08a08be10b67c06bf2370b99c811c466398c357e615ca88c91c07f0910f", size = 319672 },
    { url = "https://files.pythonhosted.org/packages/fd/b2/ab07b09e0f6d143dfb839693aa05765257bceaa13d03bf1a696b78323e7a/protobuf-5.29.3-py3-none-any.whl", hash = "sha256:0a18ed4a24198528f2333802eb075e59dea9d679ab7a6c5efb017a59004d849f", size = 172550 },
]

[[package]]
name = "selectolax"
version = "0.3.27"
source = { registry = "https://pypi.org/simple" }
sdist = { url = "https://files.pythonhosted.org/packages/dd/00/a5240ade1a6ca0f330fbbfb612135b8f363fd87fb450a2def11bc17f44c2/selectolax-0.3.27.tar.gz", hash = "sha256:0e058f869e55d40596a92bff59fffdb551f7135cbf938b0756e9a3bd8de1ffc5", size = 3611042 }
wheels = [
    { url = "https://files.pythonhosted.org/packages/48/ce/ed5d92150b23484626add45868061b50ae8e15e81c86e618500409c1058b/selectolax-0.3.27-cp311-cp311-macosx_10_9_universal2.whl", hash = "sha256:003e1b51384ad7f76ed97259bfa58f7d3875f77b5621732c851b8b249d6cac2a", size = 5844836 },
    { url = "https://files.pythonhosted.org/packages/70/52/5e59a53d86fe8b935b237156868a631f049088f5cb2e59e8ea8c12f93c5a/selectolax-0.3.27-cp311-cp311-macosx_10_9_x86_64.whl", hash = "sha256:d78cf0ad1853abcde986b0b6fba446bbdd9c604134eb35d1c59f7dacfa5431e6", size = 3160117 },
    { url = "https://files.pythonhosted.org/packages/88/65/88eecd70d0d7171b82e98be2a0608b4e02a1e3ab5fffca9d72e7e6f43483/selectolax-0.3.27-cp311-cp311-manylinux_2_17_aarch64.manylinux2014_aarch64.whl", hash = "sha256:e8c9366bc38ec1e40ed5f3fa29038cc4c300d9bbf5f7c022ee32db39e271ef82", size = 7448786 },
    { url = "https://files.pythonhosted.org/packages/f3/dd/952a75577d5a498200593d11ee808c66dc555baf919c43672c7b952f3297/selectolax-0.3.27-cp311-cp311-manylinux_2_17_x86_64.manylinux2014_x86_64.whl", hash = "sha256:f211b38ac9022263d57e713b3b23b1c6cd0aa11ac26dab9a9645cf046554cc7e", size = 7490171 },
    { url = "https://files.pythonhosted.org/packages/1d/87/128b476f5e1b5471f586f9c7e63145019a12c6b4ef1199789429cff25858/selectolax-0.3.27-cp311-cp311-manylinux_2_5_i686.manylinux1_i686.manylinux_2_17_i686.manylinux2014_i686.whl", hash = "sha256:48d7df95bbc0c0b104df6ba9c89b2965306b1dc50ef077680c6c39eee0b0db45", size = 6893161 },
    { url = "https://files.pythonhosted.org/packages/bb/b5/ffe0f33e65a6553d04d6a1eb5a2b281631d8bde488d0bfbf63e4b20da021/selectolax-0.3.27-cp311-cp311-musllinux_1_2_aarch64.whl", hash = "sha256:980dfefb53b2c5ee1cb8d624b48d3153c873fb28a3d410908d6c047f76d9a533", size = 7353316 },
    { url = "https://files.pythonhosted.org/packages/f9/c8/257a005a2148c5ae1a548b3f98a10fa33ff8f61038aa7b53a608783bbb5a/selectolax-0.3.27-cp311-cp311-musllinux_1_2_i686.whl", hash = "sha256:f144a4bd5e4895fd445fa69f2304309f7191d6021378f01dccb438d6b3551685", size = 6911640 },
    { url = "https://files.pythonhosted.org/packages/7c/1d/d83947b57f56459d38413730d2b5047e9399094f9ef8c59a45222811528a/selectolax-0.3.27-cp311-cp311-musllinux_1_2_x86_64.whl", hash = "sha256:542183ba360b1852fd4086594393159a02331cf3f358be11e2914bda66ba63a8", size = 7428121 },
    { url = "https://files.pythonhosted.org/packages/14/ef/adb01eb838b5971856bb5ae080937c6fad8bab34dba639bcaa6fd17de18f/selectolax-0.3.27-cp311-cp311-win32.whl", hash = "sha256:5cd8282445e079fbcbed4fd39ebe46cc78407f9ec59405c0fdede0653b61c966", size = 2336718 },
    { url = "https://files.pythonhosted.org/packages/41/2d/c5456012366af9a222c6abc064c9800649566a032cc34aa2399d7c1d3acc/selectolax-0.3.27-cp311-cp311-win_amd64.whl", hash = "sha256:28b540f21c0395cd9a5960bc3174e9c03e9ad3f5d59ebe7e8abed2d890dd3cac", size = 2486383 },
    { url = "https://files.pythonhosted.org/packages/44/bd/a4be1c89d0d63dc76620e41b6e6905d6a8c5c2a79eab20a58bd8824b4f56/selectolax-0.3.27-cp312-cp312-macosx_10_13_universal2.whl", hash = "sha256:23eefd8c959e211361c29d33c82665e5b0f5a50501b168d9a3bb9d241627c675", size = 5852045 },
    { url = "https://files.pythonhosted.org/packages/ec/0b/ec42454549e3e6202a54d6a1740348a28c9126dd7d283549b0f6e3ecaf13/selectolax-0.3.27-cp312-cp312-macosx_10_13_x86_64.whl", hash = "sha256:fcb0e3fd823fc4a7992f15989a64bfebc91aab46873bdd567c5b2122d7ee77d5", size = 3162731 },
    { url = "https://files.pythonhosted.org/packages/2e/74/2f2a62f9e1080746ba9c78a06f32ffd23d5dbf7403a3de2346a93522bd83/selectolax-0.3.27-cp312-cp312-manylinux_2_17_aarch64.manylinux2014_aarch64.whl", hash = "sha256:6e5ee92a9a08db66ad36367fe4cb61f41d5aff7936577794c7ac52a782114df9", size = 7657067 },
    { url = "https://files.pythonhosted.org/packages/01/d1/d37ac77c686db4785a55176499c0397716038dc365676df0c724d2f663b1/selectolax-0.3.27-cp312-cp312-manylinux_2_17_x86_64.manylinux2014_x86_64.whl", hash = "sha256:2ad6f3042c14746024198ef503c110a6457afe1edea5f335309226b048f7011c", size = 7699371 },
    { url = "https://files.pythonhosted.org/packages/3f/ba/593563b54dbde3f2e00e55f522e6bb3a4e7e7a2b7c72ef39aebe04ff97c6/selectolax-0.3.27-cp312-cp312-manylinux_2_5_i686.manylinux1_i686.manylinux_2_17_i686.manylinux2014_i686.whl", hash = "sha256:afc5ebac5df69384f59a335ee09e74fb56a1bf6f2f5c617397e77265f08b2e69", size = 7084593 },
    { url = "https://files.pythonhosted.org/packages/c6/45/e1d954aa7a3c59a0431e43a4b00e00698d9b51c687f36eec03042ecd785c/selectolax-0.3.27-cp312-cp312-musllinux_1_2_aarch64.whl", hash = "sha256:804267ad6bd8d35ed55e8b57ab57721cd572e185adaf1027682b3a1356703324", size = 7494521 },
    { url = "https://files.pythonhosted.org/packages/3b/66/86f046efa40ccc3ff7aaea2836f312ad862a05d3fb2b95a38c065b2b70d1/selectolax-0.3.27-cp312-cp312-musllinux_1_2_i686.whl", hash = "sha256:afb76bdcb70f55f31c2e4c369324148238f9287cb03af3458cd190bc699d051e", size = 7086018 },
    { url = "https://files.pythonhosted.org/packages/03/36/1e61ad1dab29c5b15361668fb3d25ef9a50cf412b1831a8500605d5459c3/selectolax-0.3.27-cp312-cp312-musllinux_1_2_x86_64.whl", hash = "sha256:98f045ea4f2917e29f30fa6de6f8dcadf2d7f8e8284736428f0863f7e1b851b1", size = 7604450 },
    { url = "https://files.pythonhosted.org/packages/6c/50/90e06dd185797351085a5f2e19be546a7d990a58305089f107bb3481d36f/selectolax-0.3.27-cp312-cp312-win32.whl", hash = "sha256:cfba7d167f8d844897f6aee9acaad4e275a04dae9702f52712f684fbe9e0a488", size = 2335258 },
    { url = "https://files.pythonhosted.org/packages/12/b7/d1f55e69901f5f56102e54491fdeb3f54cc18fbee8578e83299122765b4f/selectolax-0.3.27-cp312-cp312-win_amd64.whl", hash = "sha256:1badda1b1c99d2ab03b5a171472a2362eb14db30490c9b472277f0ec9daf0d63", size = 2483969 },
    { url = "https://files.pythonhosted.org/packages/12/da/07e1e75945ec4b96971bf73247e078ecd7e6449dbcb5ebd2798b6b64f9d6/selectolax-0.3.27-cp313-cp313-macosx_10_13_universal2.whl", hash = "sha256:f02a60042bd600e29025b81fe5def1615180674cab94829d9b34b4e6aa23ebe3", size = 5851477 },
    { url = "https://files.pythonhosted.org/packages/e6/d1/aba0ca25379d7c04b040ab32cfa6b9e544dcdcc42727e766a139a8acc68b/selectolax-0.3.27-cp313-cp313-macosx_10_13_x86_64.whl", hash = "sha256:1d750b2c2e5ee0cbcb5e97ddd243ddd486452979b38d224ab49c44388f626a21", size = 3162361 },
    { url = "https://files.pythonhosted.org/packages/b2/a7/708c0922a51f3436e6f7f06a1ac1e7de3db4c1d8b5fe5dbd79ccf50c8e90/selectolax-0.3.27-cp313-cp313-manylinux_2_17_aarch64.manylinux2014_aarch64.whl", hash = "sha256:8536fec1959262fc34f410083c7be990ed8f086e876ea2843a87866321a1d357", size = 7629255 },
    { url = "https://files.pythonhosted.org/packages/4a/b1/88e7186d9b624546a662da5d8f38ec00dcf722e49718842e842cc708f82c/selectolax-0.3.27-cp313-cp313-manylinux_2_17_x86_64.manylinux2014_x86_64.whl", hash = "sha256:0f47cfd8fd053c7cfeaf3a46354b92fee7d0fdcdbe029b05096eefbeb516696c", size = 7671188 },
    { url = "https://files.pythonhosted.org/packages/74/82/06276bc28ba75cf857ae8fcbc6f40d96e60029a6cd075a4e694773e2f6ab/selectolax-0.3.27-cp313-cp313-manylinux_2_5_i686.manylinux1_i686.manylinux_2_17_i686.manylinux2014_i686.whl", hash = "sha256:02fc623bee9166f8c0089d0a18b62e9b83d2b8e67b16b080e65df18349065403", size = 7057709 },
    { url = "https://files.pythonhosted.org/packages/a4/bd/061cabd2d2e7329c58ccf5bc718edc511dc7b533dd5cd1d021d4432e43c4/selectolax-0.3.27-cp313-cp313-musllinux_1_2_aarch64.whl", hash = "sha256:10f2d47626d03acd93b7e0c943f8e39e0bf93e756318a8b103a445e64ee03db3", size = 7440026 },
    { url = "https://files.pythonhosted.org/packages/99/52/9c5c3f1bc3e8c39d984c95e1a9fd6231032502a9bc7fff056dab8f6a133a/selectolax-0.3.27-cp313-cp313-musllinux_1_2_i686.whl", hash = "sha256:1d86bdca0a86f533cd9415f2090dd1a52cd251c1e9d968bf5d937b8b4d7f06ee", size = 7011383 },
    { url = "https://files.pythonhosted.org/packages/9c/f8/5deabbb0a54a08f0bf524876dde904ce91f6103f49351c20e58b3589a086/selectolax-0.3.27-cp313-cp313-musllinux_1_2_x86_64.whl", hash = "sha256:868687ae608594725e4d9e14a7c9a29ad12b8c622bfc46ce444f61c4292c9bde", size = 7543106 },
    { url = "https://files.pythonhosted.org/packages/42/e0/e1c76cc2fe37fa478cf91eff9cb61781e52beee3d9bcac107278d6d24c2a/selectolax-0.3.27-cp313-cp313-win32.whl", hash = "sha256:bbdae997288652ea9accc590102219932d296d9464754ddf27df12448b4ec1ca", size = 2334753 },
    { url = "https://files.pythonhosted.org/packages/12/e0/20a15eb4b76105d39be628a2a04e82fdb9fa2aa6cd962734cb0fb7f992da/selectolax-0.3.27-cp313-cp313-win_amd64.whl", hash = "sha256:5d5330f57edeeadedae5014c74849cd8a84a6d7fb497babe8a82a4f1999b0678", size = 2483673 },
]
